
Microsoft Visual Studio Solution File, Format Version 12.00
# Visual Studio Version 17
VisualStudioVersion = 17.7.33906.173
MinimumVisualStudioVersion = 10.0.40219.1
Project("{FAE04EC0-301F-11D3-BF4B-00C04F79EFBC}") = "farsiman4", "farsiman4\farsiman4.csproj", "{8EBBF217-EA8D-42E2-B29F-4F58DDFD0325}"
EndProject
Global
	GlobalSection(SolutionConfigurationPlatforms) = preSolution
		Debug|Any CPU = Debug|Any CPU
		Release|Any CPU = Release|Any CPU
	EndGlobalSection
	GlobalSection(ProjectConfigurationPlatforms) = postSolution
		{8EBBF217-EA8D-42E2-B29F-4F58DDFD0325}.Debug|Any CPU.ActiveCfg = Debug|Any CPU
		{8EBBF217-EA8D-42E2-B29F-4F58DDFD0325}.Debug|Any CPU.Build.0 = Debug|Any CPU
		{8EBBF217-EA8D-42E2-B29F-4F58DDFD0325}.Release|Any CPU.ActiveCfg = Release|Any CPU
		{8EBBF217-EA8D-42E2-B29F-4F58DDFD0325}.Release|Any CPU.Build.0 = Release|Any CPU
	EndGlobalSection
	GlobalSection(SolutionProperties) = preSolution
		HideSolutionNode = FALSE
	EndGlobalSection
	GlobalSection(ExtensibilityGlobals) = postSolution
		SolutionGuid = {84F69A0E-77B7-4630-A539-386740923D94}
	EndGlobalSection
EndGlobal
